
Microsoft Visual Studio Solution File, Format Version 12.00
# Visual Studio 2013
VisualStudioVersion = 12.0.31101.0
MinimumVisualStudioVersion = 10.0.40219.1
Project("{FAE04EC0-301F-11D3-BF4B-00C04F79EFBC}") = "DictionaryVisualizer", "DictionaryVisualizer\DictionaryVisualizer.csproj", "{D4981BC3-B034-493E-878C-985C06180C45}"
EndProject
Project("{FAE04EC0-301F-11D3-BF4B-00C04F79EFBC}") = "DictionaryMeta", "DictionaryMeta\DictionaryMeta.csproj", "{A0421143-CF46-42A4-B8DD-D64B8608F008}"
EndProject
Global
	GlobalSection(SolutionConfigurationPlatforms) = preSolution
		Debug|Any CPU = Debug|Any CPU
		Release|Any CPU = Release|Any CPU
	EndGlobalSection
	GlobalSection(ProjectConfigurationPlatforms) = postSolution
		{D4981BC3-B034-493E-878C-985C06180C45}.Debug|Any CPU.ActiveCfg = Debug|Any CPU
		{D4981BC3-B034-493E-878C-985C06180C45}.Debug|Any CPU.Build.0 = Debug|Any CPU
		{D4981BC3-B034-493E-878C-985C06180C45}.Release|Any CPU.ActiveCfg = Release|Any CPU
		{D4981BC3-B034-493E-878C-985C06180C45}.Release|Any CPU.Build.0 = Release|Any CPU
		{A0421143-CF46-42A4-B8DD-D64B8608F008}.Debug|Any CPU.ActiveCfg = Debug|Any CPU
		{A0421143-CF46-42A4-B8DD-D64B8608F008}.Debug|Any CPU.Build.0 = Debug|Any CPU
		{A0421143-CF46-42A4-B8DD-D64B8608F008}.Release|Any CPU.ActiveCfg = Release|Any CPU
		{A0421143-CF46-42A4-B8DD-D64B8608F008}.Release|Any CPU.Build.0 = Release|Any CPU
	EndGlobalSection
	GlobalSection(SolutionProperties) = preSolution
		HideSolutionNode = FALSE
	EndGlobalSection
EndGlobal
